github.com/davecgh/go-spew v1.1.1/go.mod h1:J7Y8YcW2NihsgmVo/mv3lAwl/skON4iLHjSsI+c5H38=
github.com/gorilla/mux v1.6.2 h1:Pgr17XVTNXAk3q/r4CpKzC5xBM/qW1uVLV+IhRZpIIk=
github.com/gorilla/mux v1.6.2/go.mod h1:1lud6UwP+6orDFRuTfBEV8e9/aOM/c4fVVCaMa2zaAs=
github.com/pmezard/go-difflib v1.0.0/go.mod h1:iKH77koFhYxTK1pcRnkKkqfTogsbg7gZNVY4sRDYZ/4=
github.com/stretchr/testify v1.2.2/go.mod h1:a8OnRcib4nhh0OaRAV+Yts87kKdq0PP7pXfy6kDkUVs=
github.com/tobscore/walk/unit v0.0.0-20180826155126-475c6b541668 h1:vBPBtexRrCw6KW0BcbThZMLnwOrt9QN3ycJDi6y/GtU=
github.com/tobscore/walk/unit v0.0.0-20180826155126-475c6b541668/go.mod h1:xhZPZFLkCZJPvwiBaENGowWo9uj0lkQeyFYXG5KX6zQ=
